
Microsoft Visual Studio Solution File, Format Version 12.00
# Visual Studio Version 17
VisualStudioVersion = 17.10.35122.118
MinimumVisualStudioVersion = 10.0.40219.1
Project("{FAE04EC0-301F-11D3-BF4B-00C04F79EFBC}") = "BombermanOnlineProject.Server", "BombermanOnlineProject.Server\BombermanOnlineProject.Server.csproj", "{AFF504E1-6F87-4C83-8F60-96F0390A9404}"
EndProject
Project("{FAE04EC0-301F-11D3-BF4B-00C04F79EFBC}") = "BombermanOnlineProject.Client", "BombermanOnlineProject.Client\BombermanOnlineProject.Client.csproj", "{C648A869-313E-42F7-8A8A-AE0A84DD7682}"
EndProject
Project("{FAE04EC0-301F-11D3-BF4B-00C04F79EFBC}") = "BombermanOnlineProject.Tests", "BombermanOnlineProject.Tests\BombermanOnlineProject.Tests.csproj", "{5A7FEC02-8A88-45CA-A887-E2578E4B25CC}"
EndProject
Global
	GlobalSection(SolutionConfigurationPlatforms) = preSolution
		Debug|Any CPU = Debug|Any CPU
		Release|Any CPU = Release|Any CPU
	EndGlobalSection
	GlobalSection(ProjectConfigurationPlatforms) = postSolution
		{AFF504E1-6F87-4C83-8F60-96F0390A9404}.Debug|Any CPU.ActiveCfg = Debug|Any CPU
		{AFF504E1-6F87-4C83-8F60-96F0390A9404}.Debug|Any CPU.Build.0 = Debug|Any CPU
		{AFF504E1-6F87-4C83-8F60-96F0390A9404}.Release|Any CPU.ActiveCfg = Release|Any CPU
		{AFF504E1-6F87-4C83-8F60-96F0390A9404}.Release|Any CPU.Build.0 = Release|Any CPU
		{C648A869-313E-42F7-8A8A-AE0A84DD7682}.Debug|Any CPU.ActiveCfg = Debug|Any CPU
		{C648A869-313E-42F7-8A8A-AE0A84DD7682}.Debug|Any CPU.Build.0 = Debug|Any CPU
		{C648A869-313E-42F7-8A8A-AE0A84DD7682}.Release|Any CPU.ActiveCfg = Release|Any CPU
		{C648A869-313E-42F7-8A8A-AE0A84DD7682}.Release|Any CPU.Build.0 = Release|Any CPU
		{5A7FEC02-8A88-45CA-A887-E2578E4B25CC}.Debug|Any CPU.ActiveCfg = Debug|Any CPU
		{5A7FEC02-8A88-45CA-A887-E2578E4B25CC}.Debug|Any CPU.Build.0 = Debug|Any CPU
		{5A7FEC02-8A88-45CA-A887-E2578E4B25CC}.Release|Any CPU.ActiveCfg = Release|Any CPU
		{5A7FEC02-8A88-45CA-A887-E2578E4B25CC}.Release|Any CPU.Build.0 = Release|Any CPU
	EndGlobalSection
	GlobalSection(SolutionProperties) = preSolution
		HideSolutionNode = FALSE
	EndGlobalSection
	GlobalSection(ExtensibilityGlobals) = postSolution
		SolutionGuid = {A7D08090-E589-4875-B186-9F51BB351561}
	EndGlobalSection
EndGlobal
